{
  "version": 4,
  "terraform_version": "1.2.4",
  "serial": 1,
  "lineage": "cc605794-6a9b-c3be-9329-cd4bae16b984",
  "outputs": {},
  "resources": [
    {
      "mode": "data",
      "type": "digitalocean_ssh_key",
      "name": "do_infra",
      "provider": "provider[\"registry.terraform.io/digitalocean/digitalocean\"]",
      "instances": [
        {
          "schema_version": 0,
          "attributes": {
            "fingerprint": "01:12:8e:71:dc:0a:a5:80:84:e8:9d:b1:ca:52:9d:bc",
            "id": 35144054,
            "name": "do_infra",
            "public_key": "ssh-rsa AAAAB3NzaC1yc2EAAAADAQABAAABgQDvtpeT3zLFgvrozpGZhFVW5BOaGboTkuaX/4gItUqrgI9XcU7qaSHmw33IuNysIvDT0iWVJl0dJww3A4WKOANSb2pLE+VQXE0zruuYI9UMeT7Pl+huMuQY8JfN2DT1YdcZIK4g2vhcFz2JIjcCUXjx4vQ8qG1FKcnbu+EMwZH11Ne4xkhkK7cwdc5j2DPExn1wUx/5tTPlJgfM9kAvpHfk3dao89QDf1DJQT6zz1X4Hv+s64AMGIbHSt8l7+LjoN+uJWCrp9YacG6ihfSzHIFeo70Ln8s0FKgHPXdMoJwEZt92r9cR0rIj8FwBRAwdIRZA0R4AFRK456gucgCjH/z9XOYNIFQvAYz8jrPKaYxWUmdJfhg2yfcDykLwQH1LQyoemYhStN9JUGOtbiP6FBvE5fOk3PDYX8cYdWo15rkVVGLDMp6vNaH8IwDkUiSYJtbaR0vGn+gojnvD4fVdcHGvB2wfYVYRKjWnMitT03K7DAh4J+EN7xVE/rsuK+dS850= void@penguin"
          },
          "sensitive_attributes": []
        }
      ]
    },
    {
      "mode": "managed",
      "type": "digitalocean_droplet",
      "name": "dev",
      "provider": "provider[\"registry.terraform.io/digitalocean/digitalocean\"]",
      "instances": [
        {
          "schema_version": 1,
          "attributes": {
            "backups": false,
            "created_at": "2022-07-03T09:26:08Z",
            "disk": 25,
            "droplet_agent": null,
            "graceful_shutdown": false,
            "id": "306923959",
            "image": "ubuntu-20-04-x64",
            "ipv4_address": "159.65.171.203",
            "ipv4_address_private": "10.108.0.2",
            "ipv6": false,
            "ipv6_address": "",
            "locked": false,
            "memory": 1024,
            "monitoring": false,
            "name": "dev",
            "price_hourly": 0.00893,
            "price_monthly": 6,
            "private_networking": true,
            "region": "nyc3",
            "resize_disk": true,
            "size": "s-1vcpu-1gb",
            "ssh_keys": [
              "35144054"
            ],
            "status": "active",
            "tags": null,
            "urn": "do:droplet:306923959",
            "user_data": null,
            "vcpus": 1,
            "volume_ids": [],
            "vpc_uuid": "9bcd76fd-d078-498b-b599-fd0d4b9bb0b6"
          },
          "sensitive_attributes": [],
          "private": "eyJzY2hlbWFfdmVyc2lvbiI6IjEifQ==",
          "dependencies": [
            "data.digitalocean_ssh_key.do_infra"
          ]
        }
      ]
    }
  ]
}
